{
  "name": "crypto",
  "lockfileVersion": 2,
  "requires": true,
  "packages": {
    "": {
      "dependencies": {
        "hardhat-console": "^1.0.0"
      }
    },
    "node_modules/hardhat-console": {
      "version": "1.0.0",
      "resolved": "https://registry.npmjs.org/hardhat-console/-/hardhat-console-1.0.0.tgz",
      "integrity": "sha512-xGgx11Kq3U9ewblTF4jYVHebZa5L89WxogsWXEwcH6b8ncfJKJ9IZD0jmZYgd/LVk7zbUMoMQbNWzWLCdcSHNA=="
    }
  },
  "dependencies": {
    "hardhat-console": {
      "version": "1.0.0",
      "resolved": "https://registry.npmjs.org/hardhat-console/-/hardhat-console-1.0.0.tgz",
      "integrity": "sha512-xGgx11Kq3U9ewblTF4jYVHebZa5L89WxogsWXEwcH6b8ncfJKJ9IZD0jmZYgd/LVk7zbUMoMQbNWzWLCdcSHNA=="
    }
  }
}
